{
  "name": "algolia",
  "version": "1.0.0",
  "lockfileVersion": 3,
  "requires": true,
  "packages": {
    "": {
      "name": "algolia",
      "version": "1.0.0",
      "license": "ISC",
      "dependencies": {
        "algoliasearch": "^5.46.2"
      }
    },
    "node_modules/@algolia/abtesting": {
      "version": "1.12.2",
      "resolved": "https://registry.npmjs.org/@algolia/abtesting/-/abtesting-1.12.2.tgz",
      "integrity": "sha512-oWknd6wpfNrmRcH0vzed3UPX0i17o4kYLM5OMITyMVM2xLgaRbIafoxL0e8mcrNNb0iORCJA0evnNDKRYth5WQ==",
      "license": "MIT",
      "dependencies": {
        "@algolia/client-common": "5.46.2",
        "@algolia/requester-browser-xhr": "5.46.2",
        "@algolia/requester-fetch": "5.46.2",
        "@algolia/requester-node-http": "5.46.2"
      },
      "engines": {
        "node": ">= 14.0.0"
      }
    },
    "node_modules/@algolia/client-abtesting": {
      "version": "5.46.2",
      "resolved": "https://registry.npmjs.org/@algolia/client-abtesting/-/client-abtesting-5.46.2.tgz",
      "integrity": "sha512-oRSUHbylGIuxrlzdPA8FPJuwrLLRavOhAmFGgdAvMcX47XsyM+IOGa9tc7/K5SPvBqn4nhppOCEz7BrzOPWc4A==",
      "license": "MIT",
      "dependencies": {
        "@algolia/client-common": "5.46.2",
        "@algolia/requester-browser-xhr": "5.46.2",
        "@algolia/requester-fetch": "5.46.2",
        "@algolia/requester-node-http": "5.46.2"
      },
      "engines": {
        "node": ">= 14.0.0"
      }
    },
    "node_modules/@algolia/client-analytics": {
      "version": "5.46.2",
      "resolved": "https://registry.npmjs.org/@algolia/client-analytics/-/client-analytics-5.46.2.tgz",
      "integrity": "sha512-EPBN2Oruw0maWOF4OgGPfioTvd+gmiNwx0HmD9IgmlS+l75DatcBkKOPNJN+0z3wBQWUO5oq602ATxIfmTQ8bA==",
      "license": "MIT",
      "dependencies": {
        "@algolia/client-common": "5.46.2",
        "@algolia/requester-browser-xhr": "5.46.2",
        "@algolia/requester-fetch": "5.46.2",
        "@algolia/requester-node-http": "5.46.2"
      },
      "engines": {
        "node": ">= 14.0.0"
      }
    },
    "node_modules/@algolia/client-common": {
      "version": "5.46.2",
      "resolved": "https://registry.npmjs.org/@algolia/client-common/-/client-common-5.46.2.tgz",
      "integrity": "sha512-Hj8gswSJNKZ0oyd0wWissqyasm+wTz1oIsv5ZmLarzOZAp3vFEda8bpDQ8PUhO+DfkbiLyVnAxsPe4cGzWtqkg==",
      "license": "MIT",
      "engines": {
        "node": ">= 14.0.0"
      }
    },
    "node_modules/@algolia/client-insights": {
      "version": "5.46.2",
      "resolved": "https://registry.npmjs.org/@algolia/client-insights/-/client-insights-5.46.2.tgz",
      "integrity": "sha512-6dBZko2jt8FmQcHCbmNLB0kCV079Mx/DJcySTL3wirgDBUH7xhY1pOuUTLMiGkqM5D8moVZTvTdRKZUJRkrwBA==",
      "license": "MIT",
      "dependencies": {
        "@algolia/client-common": "5.46.2",
        "@algolia/requester-browser-xhr": "5.46.2",
        "@algolia/requester-fetch": "5.46.2",
        "@algolia/requester-node-http": "5.46.2"
      },
      "engines": {
        "node": ">= 14.0.0"
      }
    },
    "node_modules/@algolia/client-personalization": {
      "version": "5.46.2",
      "resolved": "https://registry.npmjs.org/@algolia/client-personalization/-/client-personalization-5.46.2.tgz",
      "integrity": "sha512-1waE2Uqh/PHNeDXGn/PM/WrmYOBiUGSVxAWqiJIj73jqPqvfzZgzdakHscIVaDl6Cp+j5dwjsZ5LCgaUr6DtmA==",
      "license": "MIT",
      "dependencies": {
        "@algolia/client-common": "5.46.2",
        "@algolia/requester-browser-xhr": "5.46.2",
        "@algolia/requester-fetch": "5.46.2",
        "@algolia/requester-node-http": "5.46.2"
      },
      "engines": {
        "node": ">= 14.0.0"
      }
    },
    "node_modules/@algolia/client-query-suggestions": {
      "version": "5.46.2",
      "resolved": "https://registry.npmjs.org/@algolia/client-query-suggestions/-/client-query-suggestions-5.46.2.tgz",
      "integrity": "sha512-EgOzTZkyDcNL6DV0V/24+oBJ+hKo0wNgyrOX/mePBM9bc9huHxIY2352sXmoZ648JXXY2x//V1kropF/Spx83w==",
      "license": "MIT",
      "dependencies": {
        "@algolia/client-common": "5.46.2",
        "@algolia/requester-browser-xhr": "5.46.2",
        "@algolia/requester-fetch": "5.46.2",
        "@algolia/requester-node-http": "5.46.2"
      },
      "engines": {
        "node": ">= 14.0.0"
      }
    },
    "node_modules/@algolia/client-search": {
      "version": "5.46.2",
      "resolved": "https://registry.npmjs.org/@algolia/client-search/-/client-search-5.46.2.tgz",
      "integrity": "sha512-ZsOJqu4HOG5BlvIFnMU0YKjQ9ZI6r3C31dg2jk5kMWPSdhJpYL9xa5hEe7aieE+707dXeMI4ej3diy6mXdZpgA==",
      "license": "MIT",
      "dependencies": {
        "@algolia/client-common": "5.46.2",
        "@algolia/requester-browser-xhr": "5.46.2",
        "@algolia/requester-fetch": "5.46.2",
        "@algolia/requester-node-http": "5.46.2"
      },
      "engines": {
        "node": ">= 14.0.0"
      }
    },
    "node_modules/@algolia/ingestion": {
      "version": "1.46.2",
      "resolved": "https://registry.npmjs.org/@algolia/ingestion/-/ingestion-1.46.2.tgz",
      "integrity": "sha512-1Uw2OslTWiOFDtt83y0bGiErJYy5MizadV0nHnOoHFWMoDqWW0kQoMFI65pXqRSkVvit5zjXSLik2xMiyQJDWQ==",
      "license": "MIT",
      "dependencies": {
        "@algolia/client-common": "5.46.2",
        "@algolia/requester-browser-xhr": "5.46.2",
        "@algolia/requester-fetch": "5.46.2",
        "@algolia/requester-node-http": "5.46.2"
      },
      "engines": {
        "node": ">= 14.0.0"
      }
    },
    "node_modules/@algolia/monitoring": {
      "version": "1.46.2",
      "resolved": "https://registry.npmjs.org/@algolia/monitoring/-/monitoring-1.46.2.tgz",
      "integrity": "sha512-xk9f+DPtNcddWN6E7n1hyNNsATBCHIqAvVGG2EAGHJc4AFYL18uM/kMTiOKXE/LKDPyy1JhIerrh9oYb7RBrgw==",
      "license": "MIT",
      "dependencies": {
        "@algolia/client-common": "5.46.2",
        "@algolia/requester-browser-xhr": "5.46.2",
        "@algolia/requester-fetch": "5.46.2",
        "@algolia/requester-node-http": "5.46.2"
      },
      "engines": {
        "node": ">= 14.0.0"
      }
    },
    "node_modules/@algolia/recommend": {
      "version": "5.46.2",
      "resolved": "https://registry.npmjs.org/@algolia/recommend/-/recommend-5.46.2.tgz",
      "integrity": "sha512-NApbTPj9LxGzNw4dYnZmj2BoXiAc8NmbbH6qBNzQgXklGklt/xldTvu+FACN6ltFsTzoNU6j2mWNlHQTKGC5+Q==",
      "license": "MIT",
      "dependencies": {
        "@algolia/client-common": "5.46.2",
        "@algolia/requester-browser-xhr": "5.46.2",
        "@algolia/requester-fetch": "5.46.2",
        "@algolia/requester-node-http": "5.46.2"
      },
      "engines": {
        "node": ">= 14.0.0"
      }
    },
    "node_modules/@algolia/requester-browser-xhr": {
      "version": "5.46.2",
      "resolved": "https://registry.npmjs.org/@algolia/requester-browser-xhr/-/requester-browser-xhr-5.46.2.tgz",
      "integrity": "sha512-ekotpCwpSp033DIIrsTpYlGUCF6momkgupRV/FA3m62SreTSZUKjgK6VTNyG7TtYfq9YFm/pnh65bATP/ZWJEg==",
      "license": "MIT",
      "dependencies": {
        "@algolia/client-common": "5.46.2"
      },
      "engines": {
        "node": ">= 14.0.0"
      }
    },
    "node_modules/@algolia/requester-fetch": {
      "version": "5.46.2",
      "resolved": "https://registry.npmjs.org/@algolia/requester-fetch/-/requester-fetch-5.46.2.tgz",
      "integrity": "sha512-gKE+ZFi/6y7saTr34wS0SqYFDcjHW4Wminv8PDZEi0/mE99+hSrbKgJWxo2ztb5eqGirQTgIh1AMVacGGWM1iw==",
      "license": "MIT",
      "dependencies": {
        "@algolia/client-common": "5.46.2"
      },
      "engines": {
        "node": ">= 14.0.0"
      }
    },
    "node_modules/@algolia/requester-node-http": {
      "version": "5.46.2",
      "resolved": "https://registry.npmjs.org/@algolia/requester-node-http/-/requester-node-http-5.46.2.tgz",
      "integrity": "sha512-ciPihkletp7ttweJ8Zt+GukSVLp2ANJHU+9ttiSxsJZThXc4Y2yJ8HGVWesW5jN1zrsZsezN71KrMx/iZsOYpg==",
      "license": "MIT",
      "dependencies": {
        "@algolia/client-common": "5.46.2"
      },
      "engines": {
        "node": ">= 14.0.0"
      }
    },
    "node_modules/algoliasearch": {
      "version": "5.46.2",
      "resolved": "https://registry.npmjs.org/algoliasearch/-/algoliasearch-5.46.2.tgz",
      "integrity": "sha512-qqAXW9QvKf2tTyhpDA4qXv1IfBwD2eduSW6tUEBFIfCeE9gn9HQ9I5+MaKoenRuHrzk5sQoNh1/iof8mY7uD6Q==",
      "license": "MIT",
      "dependencies": {
        "@algolia/abtesting": "1.12.2",
        "@algolia/client-abtesting": "5.46.2",
        "@algolia/client-analytics": "5.46.2",
        "@algolia/client-common": "5.46.2",
        "@algolia/client-insights": "5.46.2",
        "@algolia/client-personalization": "5.46.2",
        "@algolia/client-query-suggestions": "5.46.2",
        "@algolia/client-search": "5.46.2",
        "@algolia/ingestion": "1.46.2",
        "@algolia/monitoring": "1.46.2",
        "@algolia/recommend": "5.46.2",
        "@algolia/requester-browser-xhr": "5.46.2",
        "@algolia/requester-fetch": "5.46.2",
        "@algolia/requester-node-http": "5.46.2"
      },
      "engines": {
        "node": ">= 14.0.0"
      }
    }
  }
}
